// !$*UTF8*$!
{
	archiveVersion = 1;
	classes = {
	};
	objectVersion = 48;
	objects = {

/* Begin PBXBuildFile section */
		50D1C39E1F94945300920CEC /* MenuViewController.swift in Sources */ = {isa = PBXBuildFile; fileRef = 50D1C39D1F94945300920CEC /* MenuViewController.swift */; };
		BE4FE2511F990F8800028A5A /* run_in_terminal.scpt in Resources */ = {isa = PBXBuildFile; fileRef = BE4FE2501F990F8800028A5A /* run_in_terminal.scpt */; };
		BE9A894A1F9C851200379A72 /* www in Resources */ = {isa = PBXBuildFile; fileRef = BE9A89491F9C844B00379A72 /* www */; };
		BEA20C161F92B13F00DAC9DF /* AppDelegate.swift in Sources */ = {isa = PBXBuildFile; fileRef = BEA20C151F92B13F00DAC9DF /* AppDelegate.swift */; };
		BEA20C181F92B13F00DAC9DF /* ViewController.swift in Sources */ = {isa = PBXBuildFile; fileRef = BEA20C171F92B13F00DAC9DF /* ViewController.swift */; };
		BEA20C1A1F92B13F00DAC9DF /* Assets.xcassets in Resources */ = {isa = PBXBuildFile; fileRef = BEA20C191F92B13F00DAC9DF /* Assets.xcassets */; };
		BEA20C1D1F92B13F00DAC9DF /* Main.storyboard in Resources */ = {isa = PBXBuildFile; fileRef = BEA20C1B1F92B13F00DAC9DF /* Main.storyboard */; };
		BEA20C261F92B34400DAC9DF /* PickManager.swift in Sources */ = {isa = PBXBuildFile; fileRef = BEA20C251F92B34400DAC9DF /* PickManager.swift */; };
/* End PBXBuildFile section */

/* Begin PBXFileReference section */
		50D1C39D1F94945300920CEC /* MenuViewController.swift */ = {isa = PBXFileReference; lastKnownFileType = sourcecode.swift; path = MenuViewController.swift; sourceTree = "<group>"; };
		BE4FE2501F990F8800028A5A /* run_in_terminal.scpt */ = {isa = PBXFileReference; lastKnownFileType = file; path = run_in_terminal.scpt; sourceTree = "<group>"; };
		BE9A89491F9C844B00379A72 /* www */ = {isa = PBXFileReference; lastKnownFileType = folder; path = www; sourceTree = "<group>"; };
		BEA20C121F92B13F00DAC9DF /* Firlib.app */ = {isa = PBXFileReference; explicitFileType = wrapper.application; includeInIndex = 0; path = Firlib.app; sourceTree = BUILT_PRODUCTS_DIR; };
		BEA20C151F92B13F00DAC9DF /* AppDelegate.swift */ = {isa = PBXFileReference; lastKnownFileType = sourcecode.swift; path = AppDelegate.swift; sourceTree = "<group>"; };
		BEA20C171F92B13F00DAC9DF /* ViewController.swift */ = {isa = PBXFileReference; lastKnownFileType = sourcecode.swift; path = ViewController.swift; sourceTree = "<group>"; };
		BEA20C191F92B13F00DAC9DF /* Assets.xcassets */ = {isa = PBXFileReference; lastKnownFileType = folder.assetcatalog; path = Assets.xcassets; sourceTree = "<group>"; };
		BEA20C1C1F92B13F00DAC9DF /* Base */ = {isa = PBXFileReference; lastKnownFileType = file.storyboard; name = Base; path = Base.lproj/Main.storyboard; sourceTree = "<group>"; };
		BEA20C1E1F92B13F00DAC9DF /* Info.plist */ = {isa = PBXFileReference; lastKnownFileType = text.plist.xml; path = Info.plist; sourceTree = "<group>"; };
		BEA20C1F1F92B13F00DAC9DF /* Firlib.entitlements */ = {isa = PBXFileReference; lastKnownFileType = text.plist.entitlements; path = Firlib.entitlements; sourceTree = "<group>"; };
		BEA20C251F92B34400DAC9DF /* PickManager.swift */ = {isa = PBXFileReference; lastKnownFileType = sourcecode.swift; path = PickManager.swift; sourceTree = "<group>"; };
/* End PBXFileReference section */

/* Begin PBXFrameworksBuildPhase section */
		BEA20C0F1F92B13F00DAC9DF /* Frameworks */ = {
			isa = PBXFrameworksBuildPhase;
			buildActionMask = 2147483647;
			files = (
			);
			runOnlyForDeploymentPostprocessing = 0;
		};
/* End PBXFrameworksBuildPhase section */

/* Begin PBXGroup section */
		BEA20C091F92B13E00DAC9DF = {
			isa = PBXGroup;
			children = (
				BEA20C141F92B13F00DAC9DF /* Firlib */,
				BEA20C131F92B13F00DAC9DF /* Products */,
			);
			sourceTree = "<group>";
		};
		BEA20C131F92B13F00DAC9DF /* Products */ = {
			isa = PBXGroup;
			children = (
				BEA20C121F92B13F00DAC9DF /* Firlib.app */,
			);
			name = Products;
			sourceTree = "<group>";
		};
		BEA20C141F92B13F00DAC9DF /* Firlib */ = {
			isa = PBXGroup;
			children = (
				BEA20C151F92B13F00DAC9DF /* AppDelegate.swift */,
				BE4FE2501F990F8800028A5A /* run_in_terminal.scpt */,
				BEA20C171F92B13F00DAC9DF /* ViewController.swift */,
				BEA20C191F92B13F00DAC9DF /* Assets.xcassets */,
				BEA20C1B1F92B13F00DAC9DF /* Main.storyboard */,
				BE9A89491F9C844B00379A72 /* www */,
				BEA20C1E1F92B13F00DAC9DF /* Info.plist */,
				BEA20C1F1F92B13F00DAC9DF /* Firlib.entitlements */,
				BEA20C251F92B34400DAC9DF /* PickManager.swift */,
				50D1C39D1F94945300920CEC /* MenuViewController.swift */,
			);
			path = Firlib;
			sourceTree = "<group>";
		};
/* End PBXGroup section */

/* Begin PBXNativeTarget section */
		BEA20C111F92B13F00DAC9DF /* Firlib */ = {
			isa = PBXNativeTarget;
			buildConfigurationList = BEA20C221F92B13F00DAC9DF /* Build configuration list for PBXNativeTarget "Firlib" */;
			buildPhases = (
				BEA20C0E1F92B13F00DAC9DF /* Sources */,
				BEA20C0F1F92B13F00DAC9DF /* Frameworks */,
				BEA20C101F92B13F00DAC9DF /* Resources */,
			);
			buildRules = (
			);
			dependencies = (
			);
			name = Firlib;
			productName = Firlib;
			productReference = BEA20C121F92B13F00DAC9DF /* Firlib.app */;
			productType = "com.apple.product-type.application";
		};
/* End PBXNativeTarget section */

/* Begin PBXProject section */
		BEA20C0A1F92B13E00DAC9DF /* Project object */ = {
			isa = PBXProject;
			attributes = {
				LastSwiftUpdateCheck = 0900;
				LastUpgradeCheck = 0900;
				TargetAttributes = {
					BEA20C111F92B13F00DAC9DF = {
						CreatedOnToolsVersion = 9.0;
						ProvisioningStyle = Automatic;
						SystemCapabilities = {
							com.apple.Sandbox = {
								enabled = 0;
							};
						};
					};
				};
			};
			buildConfigurationList = BEA20C0D1F92B13E00DAC9DF /* Build configuration list for PBXProject "Firlib" */;
			compatibilityVersion = "Xcode 8.0";
			developmentRegion = en;
			hasScannedForEncodings = 0;
			knownRegions = (
				en,
				Base,
			);
			mainGroup = BEA20C091F92B13E00DAC9DF;
			productRefGroup = BEA20C131F92B13F00DAC9DF /* Products */;
			projectDirPath = "";
			projectRoot = "";
			targets = (
				BEA20C111F92B13F00DAC9DF /* Firlib */,
			);
		};
/* End PBXProject section */

/* Begin PBXResourcesBuildPhase section */
		BEA20C101F92B13F00DAC9DF /* Resources */ = {
			isa = PBXResourcesBuildPhase;
			buildActionMask = 2147483647;
			files = (
				BE9A894A1F9C851200379A72 /* www in Resources */,
				BE4FE2511F990F8800028A5A /* run_in_terminal.scpt in Resources */,
				BEA20C1A1F92B13F00DAC9DF /* Assets.xcassets in Resources */,
				BEA20C1D1F92B13F00DAC9DF /* Main.storyboard in Resources */,
			);
			runOnlyForDeploymentPostprocessing = 0;
		};
/* End PBXResourcesBuildPhase section */

/* Begin PBXSourcesBuildPhase section */
		BEA20C0E1F92B13F00DAC9DF /* Sources */ = {
			isa = PBXSourcesBuildPhase;
			buildActionMask = 2147483647;
			files = (
				BEA20C261F92B34400DAC9DF /* PickManager.swift in Sources */,
				BEA20C181F92B13F00DAC9DF /* ViewController.swift in Sources */,
				BEA20C161F92B13F00DAC9DF /* AppDelegate.swift in Sources */,
				50D1C39E1F94945300920CEC /* MenuViewController.swift in Sources */,
			);
			runOnlyForDeploymentPostprocessing = 0;
		};
/* End PBXSourcesBuildPhase section */

/* Begin PBXVariantGroup section */
		BEA20C1B1F92B13F00DAC9DF /* Main.storyboard */ = {
			isa = PBXVariantGroup;
			children = (
				BEA20C1C1F92B13F00DAC9DF /* Base */,
			);
			name = Main.storyboard;
			sourceTree = "<group>";
		};
/* End PBXVariantGroup section */

/* Begin XCBuildConfiguration section */
		BEA20C201F92B13F00DAC9DF /* Debug */ = {
			isa = XCBuildConfiguration;
			buildSettings = {
				ALWAYS_SEARCH_USER_PATHS = NO;
				CLANG_ANALYZER_NONNULL = YES;
				CLANG_ANALYZER_NUMBER_OBJECT_CONVERSION = YES_AGGRESSIVE;
				CLANG_CXX_LANGUAGE_STANDARD = "gnu++14";
				CLANG_CXX_LIBRARY = "libc++";
				CLANG_ENABLE_MODULES = YES;
				CLANG_ENABLE_OBJC_ARC = YES;
				CLANG_WARN_BLOCK_CAPTURE_AUTORELEASING = YES;
				CLANG_WARN_BOOL_CONVERSION = YES;
				CLANG_WARN_COMMA = YES;
				CLANG_WARN_CONSTANT_CONVERSION = YES;
				CLANG_WARN_DIRECT_OBJC_ISA_USAGE = YES_ERROR;
				CLANG_WARN_DOCUMENTATION_COMMENTS = YES;
				CLANG_WARN_EMPTY_BODY = YES;
				CLANG_WARN_ENUM_CONVERSION = YES;
				CLANG_WARN_INFINITE_RECURSION = YES;
				CLANG_WARN_INT_CONVERSION = YES;
				CLANG_WARN_NON_LITERAL_NULL_CONVERSION = YES;
				CLANG_WARN_OBJC_LITERAL_CONVERSION = YES;
				CLANG_WARN_OBJC_ROOT_CLASS = YES_ERROR;
				CLANG_WARN_RANGE_LOOP_ANALYSIS = YES;
				CLANG_WARN_STRICT_PROTOTYPES = YES;
				CLANG_WARN_SUSPICIOUS_MOVE = YES;
				CLANG_WARN_UNGUARDED_AVAILABILITY = YES_AGGRESSIVE;
				CLANG_WARN_UNREACHABLE_CODE = YES;
				CLANG_WARN__DUPLICATE_METHOD_MATCH = YES;
				CODE_SIGN_IDENTITY = "Mac Developer";
				COPY_PHASE_STRIP = NO;
				DEBUG_INFORMATION_FORMAT = dwarf;
				ENABLE_STRICT_OBJC_MSGSEND = YES;
				ENABLE_TESTABILITY = YES;
				GCC_C_LANGUAGE_STANDARD = gnu11;
				GCC_DYNAMIC_NO_PIC = NO;
				GCC_NO_COMMON_BLOCKS = YES;
				GCC_OPTIMIZATION_LEVEL = 0;
				GCC_PREPROCESSOR_DEFINITIONS = (
					"DEBUG=1",
					"$(inherited)",
				);
				GCC_WARN_64_TO_32_BIT_CONVERSION = YES;
				GCC_WARN_ABOUT_RETURN_TYPE = YES_ERROR;
				GCC_WARN_UNDECLARED_SELECTOR = YES;
				GCC_WARN_UNINITIALIZED_AUTOS = YES_AGGRESSIVE;
				GCC_WARN_UNUSED_FUNCTION = YES;
				GCC_WARN_UNUSED_VARIABLE = YES;
				MACOSX_DEPLOYMENT_TARGET = 10.13;
				MTL_ENABLE_DEBUG_INFO = YES;
				ONLY_ACTIVE_ARCH = YES;
				SDKROOT = macosx;
				SWIFT_ACTIVE_COMPILATION_CONDITIONS = DEBUG;
				SWIFT_OPTIMIZATION_LEVEL = "-Onone";
			};
			name = Debug;
		};
		BEA20C211F92B13F00DAC9DF /* Release */ = {
			isa = XCBuildConfiguration;
			buildSettings = {
				ALWAYS_SEARCH_USER_PATHS = NO;
				CLANG_ANALYZER_NONNULL = YES;
				CLANG_ANALYZER_NUMBER_OBJECT_CONVERSION = YES_AGGRESSIVE;
				CLANG_CXX_LANGUAGE_STANDARD = "gnu++14";
				CLANG_CXX_LIBRARY = "libc++";
				CLANG_ENABLE_MODULES = YES;
				CLANG_ENABLE_OBJC_ARC = YES;
				CLANG_WARN_BLOCK_CAPTURE_AUTORELEASING = YES;
				CLANG_WARN_BOOL_CONVERSION = YES;
				CLANG_WARN_COMMA = YES;
				CLANG_WARN_CONSTANT_CONVERSION = YES;
				CLANG_WARN_DIRECT_OBJC_ISA_USAGE = YES_ERROR;
				CLANG_WARN_DOCUMENTATION_COMMENTS = YES;
				CLANG_WARN_EMPTY_BODY = YES;
				CLANG_WARN_ENUM_CONVERSION = YES;
				CLANG_WARN_INFINITE_RECURSION = YES;
				CLANG_WARN_INT_CONVERSION = YES;
				CLANG_WARN_NON_LITERAL_NULL_CONVERSION = YES;
				CLANG_WARN_OBJC_LITERAL_CONVERSION = YES;
				CLANG_WARN_OBJC_ROOT_CLASS = YES_ERROR;
				CLANG_WARN_RANGE_LOOP_ANALYSIS = YES;
				CLANG_WARN_STRICT_PROTOTYPES = YES;
				CLANG_WARN_SUSPICIOUS_MOVE = YES;
				CLANG_WARN_UNGUARDED_AVAILABILITY = YES_AGGRESSIVE;
				CLANG_WARN_UNREACHABLE_CODE = YES;
				CLANG_WARN__DUPLICATE_METHOD_MATCH = YES;
				CODE_SIGN_IDENTITY = "Mac Developer";
				COPY_PHASE_STRIP = NO;
				DEBUG_INFORMATION_FORMAT = "dwarf-with-dsym";
				ENABLE_NS_ASSERTIONS = NO;
				ENABLE_STRICT_OBJC_MSGSEND = YES;
				GCC_C_LANGUAGE_STANDARD = gnu11;
				GCC_NO_COMMON_BLOCKS = YES;
				GCC_WARN_64_TO_32_BIT_CONVERSION = YES;
				GCC_WARN_ABOUT_RETURN_TYPE = YES_ERROR;
				GCC_WARN_UNDECLARED_SELECTOR = YES;
				GCC_WARN_UNINITIALIZED_AUTOS = YES_AGGRESSIVE;
				GCC_WARN_UNUSED_FUNCTION = YES;
				GCC_WARN_UNUSED_VARIABLE = YES;
				MACOSX_DEPLOYMENT_TARGET = 10.13;
				MTL_ENABLE_DEBUG_INFO = NO;
				SDKROOT = macosx;
				SWIFT_OPTIMIZATION_LEVEL = "-Owholemodule";
			};
			name = Release;
		};
		BEA20C231F92B13F00DAC9DF /* Debug */ = {
			isa = XCBuildConfiguration;
			buildSettings = {
				ASSETCATALOG_COMPILER_APPICON_NAME = AppIcon;
				CODE_SIGN_STYLE = Automatic;
				COMBINE_HIDPI_IMAGES = YES;
				DEVELOPMENT_TEAM = CS6XL73P93;
				INFOPLIST_FILE = Firlib/Info.plist;
				LD_RUNPATH_SEARCH_PATHS = "$(inherited) @executable_path/../Frameworks";
				PRODUCT_BUNDLE_IDENTIFIER = com.henrikengstrom.Firlib;
				PRODUCT_NAME = "$(TARGET_NAME)";
				SWIFT_VERSION = 4.0;
			};
			name = Debug;
		};
		BEA20C241F92B13F00DAC9DF /* Release */ = {
			isa = XCBuildConfiguration;
			buildSettings = {
				ASSETCATALOG_COMPILER_APPICON_NAME = AppIcon;
				CODE_SIGN_STYLE = Automatic;
				COMBINE_HIDPI_IMAGES = YES;
				DEVELOPMENT_TEAM = CS6XL73P93;
				INFOPLIST_FILE = Firlib/Info.plist;
				LD_RUNPATH_SEARCH_PATHS = "$(inherited) @executable_path/../Frameworks";
				PRODUCT_BUNDLE_IDENTIFIER = com.henrikengstrom.Firlib;
				PRODUCT_NAME = "$(TARGET_NAME)";
				SWIFT_VERSION = 4.0;
			};
			name = Release;
		};
/* End XCBuildConfiguration section */

/* Begin XCConfigurationList section */
		BEA20C0D1F92B13E00DAC9DF /* Build configuration list for PBXProject "Firlib" */ = {
			isa = XCConfigurationList;
			buildConfigurations = (
				BEA20C201F92B13F00DAC9DF /* Debug */,
				BEA20C211F92B13F00DAC9DF /* Release */,
			);
			defaultConfigurationIsVisible = 0;
			defaultConfigurationName = Release;
		};
		BEA20C221F92B13F00DAC9DF /* Build configuration list for PBXNativeTarget "Firlib" */ = {
			isa = XCConfigurationList;
			buildConfigurations = (
				BEA20C231F92B13F00DAC9DF /* Debug */,
				BEA20C241F92B13F00DAC9DF /* Release */,
			);
			defaultConfigurationIsVisible = 0;
			defaultConfigurationName = Release;
		};
/* End XCConfigurationList section */
	};
	rootObject = BEA20C0A1F92B13E00DAC9DF /* Project object */;
}
